
Microsoft Visual Studio Solution File, Format Version 12.00
# Visual Studio Version 17
VisualStudioVersion = 17.11.35303.130
MinimumVisualStudioVersion = 10.0.40219.1
Project("{FAE04EC0-301F-11D3-BF4B-00C04F79EFBC}") = "Employees", "Employees\Employees.csproj", "{316C14FD-03D4-4992-9D85-C3129BD06BA3}"
EndProject
Global
	GlobalSection(SolutionConfigurationPlatforms) = preSolution
		Debug|Any CPU = Debug|Any CPU
		Release|Any CPU = Release|Any CPU
	EndGlobalSection
	GlobalSection(ProjectConfigurationPlatforms) = postSolution
		{316C14FD-03D4-4992-9D85-C3129BD06BA3}.Debug|Any CPU.ActiveCfg = Debug|Any CPU
		{316C14FD-03D4-4992-9D85-C3129BD06BA3}.Debug|Any CPU.Build.0 = Debug|Any CPU
		{316C14FD-03D4-4992-9D85-C3129BD06BA3}.Release|Any CPU.ActiveCfg = Release|Any CPU
		{316C14FD-03D4-4992-9D85-C3129BD06BA3}.Release|Any CPU.Build.0 = Release|Any CPU
	EndGlobalSection
	GlobalSection(SolutionProperties) = preSolution
		HideSolutionNode = FALSE
	EndGlobalSection
	GlobalSection(ExtensibilityGlobals) = postSolution
		SolutionGuid = {9A5D6693-D0B7-4068-9B85-454234A18A52}
	EndGlobalSection
EndGlobal
